
Microsoft Visual Studio Solution File, Format Version 12.00
# Visual Studio 15
VisualStudioVersion = 15.0.26124.0
MinimumVisualStudioVersion = 15.0.26124.0
Project("{2150E333-8FDC-42A3-9474-1A3956D46DE8}") = "src", "src", "{566BA1AD-5132-4F61-A539-4B7B21FEF283}"
EndProject
Project("{FAE04EC0-301F-11D3-BF4B-00C04F79EFBC}") = "SecretSanta.Domain", "src\SecretSanta.Domain\SecretSanta.Domain.csproj", "{224BFF8C-631C-4F6E-993E-01539FE60236}"
EndProject
Project("{2150E333-8FDC-42A3-9474-1A3956D46DE8}") = "test", "test", "{E7E9BC36-76F0-49F0-8857-B9A15A80B92A}"
EndProject
Project("{FAE04EC0-301F-11D3-BF4B-00C04F79EFBC}") = "SecretSanta.Domain.Tests", "test\SecretSanta.Domain.Tests\SecretSanta.Domain.Tests.csproj", "{976623F6-1920-4551-9CF1-4DB946D0AE02}"
EndProject
Global
	GlobalSection(SolutionConfigurationPlatforms) = preSolution
		Debug|Any CPU = Debug|Any CPU
		Debug|x64 = Debug|x64
		Debug|x86 = Debug|x86
		Release|Any CPU = Release|Any CPU
		Release|x64 = Release|x64
		Release|x86 = Release|x86
	EndGlobalSection
	GlobalSection(SolutionProperties) = preSolution
		HideSolutionNode = FALSE
	EndGlobalSection
	GlobalSection(ProjectConfigurationPlatforms) = postSolution
		{224BFF8C-631C-4F6E-993E-01539FE60236}.Debug|Any CPU.ActiveCfg = Debug|Any CPU
		{224BFF8C-631C-4F6E-993E-01539FE60236}.Debug|Any CPU.Build.0 = Debug|Any CPU
		{224BFF8C-631C-4F6E-993E-01539FE60236}.Debug|x64.ActiveCfg = Debug|Any CPU
		{224BFF8C-631C-4F6E-993E-01539FE60236}.Debug|x64.Build.0 = Debug|Any CPU
		{224BFF8C-631C-4F6E-993E-01539FE60236}.Debug|x86.ActiveCfg = Debug|Any CPU
		{224BFF8C-631C-4F6E-993E-01539FE60236}.Debug|x86.Build.0 = Debug|Any CPU
		{224BFF8C-631C-4F6E-993E-01539FE60236}.Release|Any CPU.ActiveCfg = Release|Any CPU
		{224BFF8C-631C-4F6E-993E-01539FE60236}.Release|Any CPU.Build.0 = Release|Any CPU
		{224BFF8C-631C-4F6E-993E-01539FE60236}.Release|x64.ActiveCfg = Release|Any CPU
		{224BFF8C-631C-4F6E-993E-01539FE60236}.Release|x64.Build.0 = Release|Any CPU
		{224BFF8C-631C-4F6E-993E-01539FE60236}.Release|x86.ActiveCfg = Release|Any CPU
		{224BFF8C-631C-4F6E-993E-01539FE60236}.Release|x86.Build.0 = Release|Any CPU
		{976623F6-1920-4551-9CF1-4DB946D0AE02}.Debug|Any CPU.ActiveCfg = Debug|Any CPU
		{976623F6-1920-4551-9CF1-4DB946D0AE02}.Debug|Any CPU.Build.0 = Debug|Any CPU
		{976623F6-1920-4551-9CF1-4DB946D0AE02}.Debug|x64.ActiveCfg = Debug|Any CPU
		{976623F6-1920-4551-9CF1-4DB946D0AE02}.Debug|x64.Build.0 = Debug|Any CPU
		{976623F6-1920-4551-9CF1-4DB946D0AE02}.Debug|x86.ActiveCfg = Debug|Any CPU
		{976623F6-1920-4551-9CF1-4DB946D0AE02}.Debug|x86.Build.0 = Debug|Any CPU
		{976623F6-1920-4551-9CF1-4DB946D0AE02}.Release|Any CPU.ActiveCfg = Release|Any CPU
		{976623F6-1920-4551-9CF1-4DB946D0AE02}.Release|Any CPU.Build.0 = Release|Any CPU
		{976623F6-1920-4551-9CF1-4DB946D0AE02}.Release|x64.ActiveCfg = Release|Any CPU
		{976623F6-1920-4551-9CF1-4DB946D0AE02}.Release|x64.Build.0 = Release|Any CPU
		{976623F6-1920-4551-9CF1-4DB946D0AE02}.Release|x86.ActiveCfg = Release|Any CPU
		{976623F6-1920-4551-9CF1-4DB946D0AE02}.Release|x86.Build.0 = Release|Any CPU
	EndGlobalSection
	GlobalSection(NestedProjects) = preSolution
		{224BFF8C-631C-4F6E-993E-01539FE60236} = {566BA1AD-5132-4F61-A539-4B7B21FEF283}
		{976623F6-1920-4551-9CF1-4DB946D0AE02} = {E7E9BC36-76F0-49F0-8857-B9A15A80B92A}
	EndGlobalSection
EndGlobal
