
Microsoft Visual Studio Solution File, Format Version 12.00
# Visual Studio Version 16
VisualStudioVersion = 16.0.28531.58
MinimumVisualStudioVersion = 15.0.26124.0
Project("{2150E333-8FDC-42A3-9474-1A3956D46DE8}") = "src", "src", "{566BA1AD-5132-4F61-A539-4B7B21FEF283}"
EndProject
Project("{9A19103F-16F7-4668-BE54-9A1E7A4F7556}") = "SecretSanta.Domain", "src\SecretSanta.Domain\SecretSanta.Domain.csproj", "{224BFF8C-631C-4F6E-993E-01539FE60236}"
EndProject
Project("{2150E333-8FDC-42A3-9474-1A3956D46DE8}") = "test", "test", "{E7E9BC36-76F0-49F0-8857-B9A15A80B92A}"
EndProject
Project("{9A19103F-16F7-4668-BE54-9A1E7A4F7556}") = "SecretSanta.Domain.Tests", "test\SecretSanta.Domain.Tests\SecretSanta.Domain.Tests.csproj", "{976623F6-1920-4551-9CF1-4DB946D0AE02}"
EndProject
Project("{FAE04EC0-301F-11D3-BF4B-00C04F79EFBC}") = "SecretSanta.Api", "src\SecretSanta.Api\SecretSanta.Api.csproj", "{118D94A5-274F-4235-81F4-335C3EC4AFCD}"
EndProject
Project("{FAE04EC0-301F-11D3-BF4B-00C04F79EFBC}") = "SecretSanta.Api.Tests", "test\SecretSanta.Api.Tests\SecretSanta.Api.Tests.csproj", "{6089B704-BD9F-414B-9F89-52BA4268539B}"
EndProject
Global
	GlobalSection(SolutionConfigurationPlatforms) = preSolution
		Debug|Any CPU = Debug|Any CPU
		Debug|x64 = Debug|x64
		Debug|x86 = Debug|x86
		Release|Any CPU = Release|Any CPU
		Release|x64 = Release|x64
		Release|x86 = Release|x86
	EndGlobalSection
	GlobalSection(ProjectConfigurationPlatforms) = postSolution
		{224BFF8C-631C-4F6E-993E-01539FE60236}.Debug|Any CPU.ActiveCfg = Debug|Any CPU
		{224BFF8C-631C-4F6E-993E-01539FE60236}.Debug|Any CPU.Build.0 = Debug|Any CPU
		{224BFF8C-631C-4F6E-993E-01539FE60236}.Debug|x64.ActiveCfg = Debug|Any CPU
		{224BFF8C-631C-4F6E-993E-01539FE60236}.Debug|x64.Build.0 = Debug|Any CPU
		{224BFF8C-631C-4F6E-993E-01539FE60236}.Debug|x86.ActiveCfg = Debug|Any CPU
		{224BFF8C-631C-4F6E-993E-01539FE60236}.Debug|x86.Build.0 = Debug|Any CPU
		{224BFF8C-631C-4F6E-993E-01539FE60236}.Release|Any CPU.ActiveCfg = Release|Any CPU
		{224BFF8C-631C-4F6E-993E-01539FE60236}.Release|Any CPU.Build.0 = Release|Any CPU
		{224BFF8C-631C-4F6E-993E-01539FE60236}.Release|x64.ActiveCfg = Release|Any CPU
		{224BFF8C-631C-4F6E-993E-01539FE60236}.Release|x64.Build.0 = Release|Any CPU
		{224BFF8C-631C-4F6E-993E-01539FE60236}.Release|x86.ActiveCfg = Release|Any CPU
		{224BFF8C-631C-4F6E-993E-01539FE60236}.Release|x86.Build.0 = Release|Any CPU
		{976623F6-1920-4551-9CF1-4DB946D0AE02}.Debug|Any CPU.ActiveCfg = Debug|Any CPU
		{976623F6-1920-4551-9CF1-4DB946D0AE02}.Debug|Any CPU.Build.0 = Debug|Any CPU
		{976623F6-1920-4551-9CF1-4DB946D0AE02}.Debug|x64.ActiveCfg = Debug|Any CPU
		{976623F6-1920-4551-9CF1-4DB946D0AE02}.Debug|x64.Build.0 = Debug|Any CPU
		{976623F6-1920-4551-9CF1-4DB946D0AE02}.Debug|x86.ActiveCfg = Debug|Any CPU
		{976623F6-1920-4551-9CF1-4DB946D0AE02}.Debug|x86.Build.0 = Debug|Any CPU
		{976623F6-1920-4551-9CF1-4DB946D0AE02}.Release|Any CPU.ActiveCfg = Release|Any CPU
		{976623F6-1920-4551-9CF1-4DB946D0AE02}.Release|Any CPU.Build.0 = Release|Any CPU
		{976623F6-1920-4551-9CF1-4DB946D0AE02}.Release|x64.ActiveCfg = Release|Any CPU
		{976623F6-1920-4551-9CF1-4DB946D0AE02}.Release|x64.Build.0 = Release|Any CPU
		{976623F6-1920-4551-9CF1-4DB946D0AE02}.Release|x86.ActiveCfg = Release|Any CPU
		{976623F6-1920-4551-9CF1-4DB946D0AE02}.Release|x86.Build.0 = Release|Any CPU
		{118D94A5-274F-4235-81F4-335C3EC4AFCD}.Debug|Any CPU.ActiveCfg = Debug|Any CPU
		{118D94A5-274F-4235-81F4-335C3EC4AFCD}.Debug|Any CPU.Build.0 = Debug|Any CPU
		{118D94A5-274F-4235-81F4-335C3EC4AFCD}.Debug|x64.ActiveCfg = Debug|Any CPU
		{118D94A5-274F-4235-81F4-335C3EC4AFCD}.Debug|x64.Build.0 = Debug|Any CPU
		{118D94A5-274F-4235-81F4-335C3EC4AFCD}.Debug|x86.ActiveCfg = Debug|Any CPU
		{118D94A5-274F-4235-81F4-335C3EC4AFCD}.Debug|x86.Build.0 = Debug|Any CPU
		{118D94A5-274F-4235-81F4-335C3EC4AFCD}.Release|Any CPU.ActiveCfg = Release|Any CPU
		{118D94A5-274F-4235-81F4-335C3EC4AFCD}.Release|Any CPU.Build.0 = Release|Any CPU
		{118D94A5-274F-4235-81F4-335C3EC4AFCD}.Release|x64.ActiveCfg = Release|Any CPU
		{118D94A5-274F-4235-81F4-335C3EC4AFCD}.Release|x64.Build.0 = Release|Any CPU
		{118D94A5-274F-4235-81F4-335C3EC4AFCD}.Release|x86.ActiveCfg = Release|Any CPU
		{118D94A5-274F-4235-81F4-335C3EC4AFCD}.Release|x86.Build.0 = Release|Any CPU
		{6089B704-BD9F-414B-9F89-52BA4268539B}.Debug|Any CPU.ActiveCfg = Debug|Any CPU
		{6089B704-BD9F-414B-9F89-52BA4268539B}.Debug|Any CPU.Build.0 = Debug|Any CPU
		{6089B704-BD9F-414B-9F89-52BA4268539B}.Debug|x64.ActiveCfg = Debug|Any CPU
		{6089B704-BD9F-414B-9F89-52BA4268539B}.Debug|x64.Build.0 = Debug|Any CPU
		{6089B704-BD9F-414B-9F89-52BA4268539B}.Debug|x86.ActiveCfg = Debug|Any CPU
		{6089B704-BD9F-414B-9F89-52BA4268539B}.Debug|x86.Build.0 = Debug|Any CPU
		{6089B704-BD9F-414B-9F89-52BA4268539B}.Release|Any CPU.ActiveCfg = Release|Any CPU
		{6089B704-BD9F-414B-9F89-52BA4268539B}.Release|Any CPU.Build.0 = Release|Any CPU
		{6089B704-BD9F-414B-9F89-52BA4268539B}.Release|x64.ActiveCfg = Release|Any CPU
		{6089B704-BD9F-414B-9F89-52BA4268539B}.Release|x64.Build.0 = Release|Any CPU
		{6089B704-BD9F-414B-9F89-52BA4268539B}.Release|x86.ActiveCfg = Release|Any CPU
		{6089B704-BD9F-414B-9F89-52BA4268539B}.Release|x86.Build.0 = Release|Any CPU
	EndGlobalSection
	GlobalSection(SolutionProperties) = preSolution
		HideSolutionNode = FALSE
	EndGlobalSection
	GlobalSection(NestedProjects) = preSolution
		{224BFF8C-631C-4F6E-993E-01539FE60236} = {566BA1AD-5132-4F61-A539-4B7B21FEF283}
		{976623F6-1920-4551-9CF1-4DB946D0AE02} = {E7E9BC36-76F0-49F0-8857-B9A15A80B92A}
		{118D94A5-274F-4235-81F4-335C3EC4AFCD} = {566BA1AD-5132-4F61-A539-4B7B21FEF283}
		{6089B704-BD9F-414B-9F89-52BA4268539B} = {E7E9BC36-76F0-49F0-8857-B9A15A80B92A}
	EndGlobalSection
	GlobalSection(ExtensibilityGlobals) = postSolution
		SolutionGuid = {A6E24C72-603B-44AB-91AB-1FAF31658703}
	EndGlobalSection
EndGlobal
