
Microsoft Visual Studio Solution File, Format Version 12.00
# Visual Studio 15
VisualStudioVersion = 15.0.26124.0
MinimumVisualStudioVersion = 15.0.26124.0
Project("{2150E333-8FDC-42A3-9474-1A3956D46DE8}") = "src", "src", "{B9C1EE50-6F34-4C7B-B1B5-9C353792351E}"
EndProject
Project("{FAE04EC0-301F-11D3-BF4B-00C04F79EFBC}") = "SecretSanta.Domain", "src\SecretSanta.Domain\SecretSanta.Domain.csproj", "{5771F2B6-804B-478C-B4B0-39368B3A7423}"
EndProject
Project("{2150E333-8FDC-42A3-9474-1A3956D46DE8}") = "test", "test", "{ED2C9560-4735-456B-ADCE-0572099D88E8}"
EndProject
Project("{FAE04EC0-301F-11D3-BF4B-00C04F79EFBC}") = "SecretSanta.Domain.Tests", "test\SecretSanta.Domain.Tests\SecretSanta.Domain.Tests.csproj", "{B1150A5B-F977-430B-886C-E7F21B424002}"
EndProject
Global
	GlobalSection(SolutionConfigurationPlatforms) = preSolution
		Debug|Any CPU = Debug|Any CPU
		Debug|x64 = Debug|x64
		Debug|x86 = Debug|x86
		Release|Any CPU = Release|Any CPU
		Release|x64 = Release|x64
		Release|x86 = Release|x86
	EndGlobalSection
	GlobalSection(SolutionProperties) = preSolution
		HideSolutionNode = FALSE
	EndGlobalSection
	GlobalSection(ProjectConfigurationPlatforms) = postSolution
		{5771F2B6-804B-478C-B4B0-39368B3A7423}.Debug|Any CPU.ActiveCfg = Debug|Any CPU
		{5771F2B6-804B-478C-B4B0-39368B3A7423}.Debug|Any CPU.Build.0 = Debug|Any CPU
		{5771F2B6-804B-478C-B4B0-39368B3A7423}.Debug|x64.ActiveCfg = Debug|Any CPU
		{5771F2B6-804B-478C-B4B0-39368B3A7423}.Debug|x64.Build.0 = Debug|Any CPU
		{5771F2B6-804B-478C-B4B0-39368B3A7423}.Debug|x86.ActiveCfg = Debug|Any CPU
		{5771F2B6-804B-478C-B4B0-39368B3A7423}.Debug|x86.Build.0 = Debug|Any CPU
		{5771F2B6-804B-478C-B4B0-39368B3A7423}.Release|Any CPU.ActiveCfg = Release|Any CPU
		{5771F2B6-804B-478C-B4B0-39368B3A7423}.Release|Any CPU.Build.0 = Release|Any CPU
		{5771F2B6-804B-478C-B4B0-39368B3A7423}.Release|x64.ActiveCfg = Release|Any CPU
		{5771F2B6-804B-478C-B4B0-39368B3A7423}.Release|x64.Build.0 = Release|Any CPU
		{5771F2B6-804B-478C-B4B0-39368B3A7423}.Release|x86.ActiveCfg = Release|Any CPU
		{5771F2B6-804B-478C-B4B0-39368B3A7423}.Release|x86.Build.0 = Release|Any CPU
		{B1150A5B-F977-430B-886C-E7F21B424002}.Debug|Any CPU.ActiveCfg = Debug|Any CPU
		{B1150A5B-F977-430B-886C-E7F21B424002}.Debug|Any CPU.Build.0 = Debug|Any CPU
		{B1150A5B-F977-430B-886C-E7F21B424002}.Debug|x64.ActiveCfg = Debug|Any CPU
		{B1150A5B-F977-430B-886C-E7F21B424002}.Debug|x64.Build.0 = Debug|Any CPU
		{B1150A5B-F977-430B-886C-E7F21B424002}.Debug|x86.ActiveCfg = Debug|Any CPU
		{B1150A5B-F977-430B-886C-E7F21B424002}.Debug|x86.Build.0 = Debug|Any CPU
		{B1150A5B-F977-430B-886C-E7F21B424002}.Release|Any CPU.ActiveCfg = Release|Any CPU
		{B1150A5B-F977-430B-886C-E7F21B424002}.Release|Any CPU.Build.0 = Release|Any CPU
		{B1150A5B-F977-430B-886C-E7F21B424002}.Release|x64.ActiveCfg = Release|Any CPU
		{B1150A5B-F977-430B-886C-E7F21B424002}.Release|x64.Build.0 = Release|Any CPU
		{B1150A5B-F977-430B-886C-E7F21B424002}.Release|x86.ActiveCfg = Release|Any CPU
		{B1150A5B-F977-430B-886C-E7F21B424002}.Release|x86.Build.0 = Release|Any CPU
	EndGlobalSection
	GlobalSection(NestedProjects) = preSolution
		{5771F2B6-804B-478C-B4B0-39368B3A7423} = {B9C1EE50-6F34-4C7B-B1B5-9C353792351E}
		{B1150A5B-F977-430B-886C-E7F21B424002} = {ED2C9560-4735-456B-ADCE-0572099D88E8}
	EndGlobalSection
EndGlobal
